
Microsoft Visual Studio Solution File, Format Version 12.00
# Visual Studio Version 17
VisualStudioVersion = 17.5.33414.496
MinimumVisualStudioVersion = 10.0.40219.1
Project("{FAE04EC0-301F-11D3-BF4B-00C04F79EFBC}") = "lab4", "lab4\lab4.csproj", "{813E1BA7-4CD4-4861-8424-2AC92098863E}"
EndProject
Global
	GlobalSection(SolutionConfigurationPlatforms) = preSolution
		Debug|Any CPU = Debug|Any CPU
		Release|Any CPU = Release|Any CPU
	EndGlobalSection
	GlobalSection(ProjectConfigurationPlatforms) = postSolution
		{813E1BA7-4CD4-4861-8424-2AC92098863E}.Debug|Any CPU.ActiveCfg = Debug|Any CPU
		{813E1BA7-4CD4-4861-8424-2AC92098863E}.Debug|Any CPU.Build.0 = Debug|Any CPU
		{813E1BA7-4CD4-4861-8424-2AC92098863E}.Release|Any CPU.ActiveCfg = Release|Any CPU
		{813E1BA7-4CD4-4861-8424-2AC92098863E}.Release|Any CPU.Build.0 = Release|Any CPU
	EndGlobalSection
	GlobalSection(SolutionProperties) = preSolution
		HideSolutionNode = FALSE
	EndGlobalSection
	GlobalSection(ExtensibilityGlobals) = postSolution
		SolutionGuid = {89F319E4-15C9-4716-B75C-91496E821AFC}
	EndGlobalSection
EndGlobal
